// !$*UTF8*$!
{
	archiveVersion = 1;
	classes = {
	};
	objectVersion = 52;
	objects = {

/* Begin PBXBuildFile section */
		B4147EEC2453C4BE0022855A /* Todo.swift in Sources */ = {isa = PBXBuildFile; fileRef = B4147EEB2453C4BE0022855A /* Todo.swift */; };
		B426868D24468EB600E6D0A8 /* ModalTextViewPreview.swift in Sources */ = {isa = PBXBuildFile; fileRef = B426868C24468EB600E6D0A8 /* ModalTextViewPreview.swift */; };
		B45D386C245D032A000D4975 /* TextViewWrapperPreview.swift in Sources */ = {isa = PBXBuildFile; fileRef = B45D386B245D032A000D4975 /* TextViewWrapperPreview.swift */; };
		B45D386E245D1424000D4975 /* UIViewWrapperSegmentControlPreview.swift in Sources */ = {isa = PBXBuildFile; fileRef = B45D386D245D1424000D4975 /* UIViewWrapperSegmentControlPreview.swift */; };
		B479E58F2465CC410046AA0A /* PersistPropertyWrapperPreview.swift in Sources */ = {isa = PBXBuildFile; fileRef = B479E58E2465CC410046AA0A /* PersistPropertyWrapperPreview.swift */; };
		B4985919245368A600BD0225 /* TextFieldWrapperPreview.swift in Sources */ = {isa = PBXBuildFile; fileRef = B4985918245368A600BD0225 /* TextFieldWrapperPreview.swift */; };
		B4DB5BE024450A49003764B6 /* AppDelegate.swift in Sources */ = {isa = PBXBuildFile; fileRef = B4DB5BDF24450A49003764B6 /* AppDelegate.swift */; };
		B4DB5BE224450A49003764B6 /* SceneDelegate.swift in Sources */ = {isa = PBXBuildFile; fileRef = B4DB5BE124450A49003764B6 /* SceneDelegate.swift */; };
		B4DB5BE424450A49003764B6 /* ContentView.swift in Sources */ = {isa = PBXBuildFile; fileRef = B4DB5BE324450A49003764B6 /* ContentView.swift */; };
		B4DB5BE624450A4A003764B6 /* Assets.xcassets in Resources */ = {isa = PBXBuildFile; fileRef = B4DB5BE524450A4A003764B6 /* Assets.xcassets */; };
		B4DB5BE924450A4A003764B6 /* Preview Assets.xcassets in Resources */ = {isa = PBXBuildFile; fileRef = B4DB5BE824450A4A003764B6 /* Preview Assets.xcassets */; };
		B4DB5BEC24450A4A003764B6 /* LaunchScreen.storyboard in Resources */ = {isa = PBXBuildFile; fileRef = B4DB5BEA24450A4A003764B6 /* LaunchScreen.storyboard */; };
		B4DB5BF624450ADF003764B6 /* BDUIKnit in Frameworks */ = {isa = PBXBuildFile; productRef = B4DB5BF524450ADF003764B6 /* BDUIKnit */; };
		B4DB5BFB24450B5E003764B6 /* PreviewPresenter.swift in Sources */ = {isa = PBXBuildFile; fileRef = B4DB5BF924450B5E003764B6 /* PreviewPresenter.swift */; };
		B4DB5BFC24450B5E003764B6 /* Preview.swift in Sources */ = {isa = PBXBuildFile; fileRef = B4DB5BFA24450B5E003764B6 /* Preview.swift */; };
		B4DB5BFF24450B66003764B6 /* ButtonTrayViewPreview.swift in Sources */ = {isa = PBXBuildFile; fileRef = B4DB5BFD24450B65003764B6 /* ButtonTrayViewPreview.swift */; };
		B4DB5C0024450B66003764B6 /* ModalTextFieldPreview.swift in Sources */ = {isa = PBXBuildFile; fileRef = B4DB5BFE24450B65003764B6 /* ModalTextFieldPreview.swift */; };
		B4DB5C2924454E32003764B6 /* PresentationSheetPreview.swift in Sources */ = {isa = PBXBuildFile; fileRef = B4DB5C2824454E32003764B6 /* PresentationSheetPreview.swift */; };
/* End PBXBuildFile section */

/* Begin PBXFileReference section */
		B4147EEB2453C4BE0022855A /* Todo.swift */ = {isa = PBXFileReference; lastKnownFileType = sourcecode.swift; path = Todo.swift; sourceTree = "<group>"; };
		B426868C24468EB600E6D0A8 /* ModalTextViewPreview.swift */ = {isa = PBXFileReference; lastKnownFileType = sourcecode.swift; path = ModalTextViewPreview.swift; sourceTree = "<group>"; };
		B45D386B245D032A000D4975 /* TextViewWrapperPreview.swift */ = {isa = PBXFileReference; lastKnownFileType = sourcecode.swift; path = TextViewWrapperPreview.swift; sourceTree = "<group>"; };
		B45D386D245D1424000D4975 /* UIViewWrapperSegmentControlPreview.swift */ = {isa = PBXFileReference; lastKnownFileType = sourcecode.swift; path = UIViewWrapperSegmentControlPreview.swift; sourceTree = "<group>"; };
		B479E58E2465CC410046AA0A /* PersistPropertyWrapperPreview.swift */ = {isa = PBXFileReference; lastKnownFileType = sourcecode.swift; path = PersistPropertyWrapperPreview.swift; sourceTree = "<group>"; };
		B4985918245368A600BD0225 /* TextFieldWrapperPreview.swift */ = {isa = PBXFileReference; lastKnownFileType = sourcecode.swift; path = TextFieldWrapperPreview.swift; sourceTree = "<group>"; };
		B4DB5BDC24450A49003764B6 /* BDProjects.app */ = {isa = PBXFileReference; explicitFileType = wrapper.application; includeInIndex = 0; path = BDProjects.app; sourceTree = BUILT_PRODUCTS_DIR; };
		B4DB5BDF24450A49003764B6 /* AppDelegate.swift */ = {isa = PBXFileReference; lastKnownFileType = sourcecode.swift; path = AppDelegate.swift; sourceTree = "<group>"; };
		B4DB5BE124450A49003764B6 /* SceneDelegate.swift */ = {isa = PBXFileReference; lastKnownFileType = sourcecode.swift; path = SceneDelegate.swift; sourceTree = "<group>"; };
		B4DB5BE324450A49003764B6 /* ContentView.swift */ = {isa = PBXFileReference; lastKnownFileType = sourcecode.swift; path = ContentView.swift; sourceTree = "<group>"; };
		B4DB5BE524450A4A003764B6 /* Assets.xcassets */ = {isa = PBXFileReference; lastKnownFileType = folder.assetcatalog; path = Assets.xcassets; sourceTree = "<group>"; };
		B4DB5BE824450A4A003764B6 /* Preview Assets.xcassets */ = {isa = PBXFileReference; lastKnownFileType = folder.assetcatalog; path = "Preview Assets.xcassets"; sourceTree = "<group>"; };
		B4DB5BEB24450A4A003764B6 /* Base */ = {isa = PBXFileReference; lastKnownFileType = file.storyboard; name = Base; path = Base.lproj/LaunchScreen.storyboard; sourceTree = "<group>"; };
		B4DB5BED24450A4A003764B6 /* Info.plist */ = {isa = PBXFileReference; lastKnownFileType = text.plist.xml; path = Info.plist; sourceTree = "<group>"; };
		B4DB5BF324450ACD003764B6 /* BDUIKnit */ = {isa = PBXFileReference; lastKnownFileType = folder; name = BDUIKnit; path = ../BDUIKnit; sourceTree = "<group>"; };
		B4DB5BF924450B5E003764B6 /* PreviewPresenter.swift */ = {isa = PBXFileReference; fileEncoding = 4; lastKnownFileType = sourcecode.swift; path = PreviewPresenter.swift; sourceTree = "<group>"; };
		B4DB5BFA24450B5E003764B6 /* Preview.swift */ = {isa = PBXFileReference; fileEncoding = 4; lastKnownFileType = sourcecode.swift; path = Preview.swift; sourceTree = "<group>"; };
		B4DB5BFD24450B65003764B6 /* ButtonTrayViewPreview.swift */ = {isa = PBXFileReference; fileEncoding = 4; lastKnownFileType = sourcecode.swift; path = ButtonTrayViewPreview.swift; sourceTree = "<group>"; };
		B4DB5BFE24450B65003764B6 /* ModalTextFieldPreview.swift */ = {isa = PBXFileReference; fileEncoding = 4; lastKnownFileType = sourcecode.swift; path = ModalTextFieldPreview.swift; sourceTree = "<group>"; };
		B4DB5C2824454E32003764B6 /* PresentationSheetPreview.swift */ = {isa = PBXFileReference; lastKnownFileType = sourcecode.swift; path = PresentationSheetPreview.swift; sourceTree = "<group>"; };
/* End PBXFileReference section */

/* Begin PBXFrameworksBuildPhase section */
		B4DB5BD924450A49003764B6 /* Frameworks */ = {
			isa = PBXFrameworksBuildPhase;
			buildActionMask = 2147483647;
			files = (
				B4DB5BF624450ADF003764B6 /* BDUIKnit in Frameworks */,
			);
			runOnlyForDeploymentPostprocessing = 0;
		};
/* End PBXFrameworksBuildPhase section */

/* Begin PBXGroup section */
		B4DB5BD324450A49003764B6 = {
			isa = PBXGroup;
			children = (
				B4DB5BF324450ACD003764B6 /* BDUIKnit */,
				B4DB5BDE24450A49003764B6 /* BDProjects */,
				B4DB5BDD24450A49003764B6 /* Products */,
				B4DB5BF424450ADF003764B6 /* Frameworks */,
			);
			sourceTree = "<group>";
		};
		B4DB5BDD24450A49003764B6 /* Products */ = {
			isa = PBXGroup;
			children = (
				B4DB5BDC24450A49003764B6 /* BDProjects.app */,
			);
			name = Products;
			sourceTree = "<group>";
		};
		B4DB5BDE24450A49003764B6 /* BDProjects */ = {
			isa = PBXGroup;
			children = (
				B4DB5BDF24450A49003764B6 /* AppDelegate.swift */,
				B4DB5BE124450A49003764B6 /* SceneDelegate.swift */,
				B4DB5BE324450A49003764B6 /* ContentView.swift */,
				B4DB5C2724454E0D003764B6 /* BDSwiftility Preview */,
				B4DB5BF824450B3E003764B6 /* BDUIKnit Preview */,
				B4DB5BF724450B36003764B6 /* Utility */,
				B4DB5BE524450A4A003764B6 /* Assets.xcassets */,
				B4DB5BEA24450A4A003764B6 /* LaunchScreen.storyboard */,
				B4DB5BED24450A4A003764B6 /* Info.plist */,
				B4DB5BE724450A4A003764B6 /* Preview Content */,
			);
			path = BDProjects;
			sourceTree = "<group>";
		};
		B4DB5BE724450A4A003764B6 /* Preview Content */ = {
			isa = PBXGroup;
			children = (
				B4DB5BE824450A4A003764B6 /* Preview Assets.xcassets */,
			);
			path = "Preview Content";
			sourceTree = "<group>";
		};
		B4DB5BF424450ADF003764B6 /* Frameworks */ = {
			isa = PBXGroup;
			children = (
			);
			name = Frameworks;
			sourceTree = "<group>";
		};
		B4DB5BF724450B36003764B6 /* Utility */ = {
			isa = PBXGroup;
			children = (
				B4DB5BFA24450B5E003764B6 /* Preview.swift */,
				B4DB5BF924450B5E003764B6 /* PreviewPresenter.swift */,
				B4147EEB2453C4BE0022855A /* Todo.swift */,
			);
			path = Utility;
			sourceTree = "<group>";
		};
		B4DB5BF824450B3E003764B6 /* BDUIKnit Preview */ = {
			isa = PBXGroup;
			children = (
				B4DB5BFD24450B65003764B6 /* ButtonTrayViewPreview.swift */,
				B4DB5BFE24450B65003764B6 /* ModalTextFieldPreview.swift */,
				B426868C24468EB600E6D0A8 /* ModalTextViewPreview.swift */,
				B4985918245368A600BD0225 /* TextFieldWrapperPreview.swift */,
				B45D386B245D032A000D4975 /* TextViewWrapperPreview.swift */,
				B45D386D245D1424000D4975 /* UIViewWrapperSegmentControlPreview.swift */,
				B479E58E2465CC410046AA0A /* PersistPropertyWrapperPreview.swift */,
			);
			path = "BDUIKnit Preview";
			sourceTree = "<group>";
		};
		B4DB5C2724454E0D003764B6 /* BDSwiftility Preview */ = {
			isa = PBXGroup;
			children = (
				B4DB5C2824454E32003764B6 /* PresentationSheetPreview.swift */,
			);
			path = "BDSwiftility Preview";
			sourceTree = "<group>";
		};
/* End PBXGroup section */

/* Begin PBXNativeTarget section */
		B4DB5BDB24450A49003764B6 /* BDProjects */ = {
			isa = PBXNativeTarget;
			buildConfigurationList = B4DB5BF024450A4A003764B6 /* Build configuration list for PBXNativeTarget "BDProjects" */;
			buildPhases = (
				B4DB5BD824450A49003764B6 /* Sources */,
				B4DB5BD924450A49003764B6 /* Frameworks */,
				B4DB5BDA24450A49003764B6 /* Resources */,
			);
			buildRules = (
			);
			dependencies = (
			);
			name = BDProjects;
			packageProductDependencies = (
				B4DB5BF524450ADF003764B6 /* BDUIKnit */,
			);
			productName = BDProjects;
			productReference = B4DB5BDC24450A49003764B6 /* BDProjects.app */;
			productType = "com.apple.product-type.application";
		};
/* End PBXNativeTarget section */

/* Begin PBXProject section */
		B4DB5BD424450A49003764B6 /* Project object */ = {
			isa = PBXProject;
			attributes = {
				LastSwiftUpdateCheck = 1140;
				LastUpgradeCheck = 1140;
				ORGANIZATIONNAME = "Dara Beng";
				TargetAttributes = {
					B4DB5BDB24450A49003764B6 = {
						CreatedOnToolsVersion = 11.4;
					};
				};
			};
			buildConfigurationList = B4DB5BD724450A49003764B6 /* Build configuration list for PBXProject "BDProjects" */;
			compatibilityVersion = "Xcode 9.3";
			developmentRegion = en;
			hasScannedForEncodings = 0;
			knownRegions = (
				en,
				Base,
			);
			mainGroup = B4DB5BD324450A49003764B6;
			productRefGroup = B4DB5BDD24450A49003764B6 /* Products */;
			projectDirPath = "";
			projectRoot = "";
			targets = (
				B4DB5BDB24450A49003764B6 /* BDProjects */,
			);
		};
/* End PBXProject section */

/* Begin PBXResourcesBuildPhase section */
		B4DB5BDA24450A49003764B6 /* Resources */ = {
			isa = PBXResourcesBuildPhase;
			buildActionMask = 2147483647;
			files = (
				B4DB5BEC24450A4A003764B6 /* LaunchScreen.storyboard in Resources */,
				B4DB5BE924450A4A003764B6 /* Preview Assets.xcassets in Resources */,
				B4DB5BE624450A4A003764B6 /* Assets.xcassets in Resources */,
			);
			runOnlyForDeploymentPostprocessing = 0;
		};
/* End PBXResourcesBuildPhase section */

/* Begin PBXSourcesBuildPhase section */
		B4DB5BD824450A49003764B6 /* Sources */ = {
			isa = PBXSourcesBuildPhase;
			buildActionMask = 2147483647;
			files = (
				B4147EEC2453C4BE0022855A /* Todo.swift in Sources */,
				B479E58F2465CC410046AA0A /* PersistPropertyWrapperPreview.swift in Sources */,
				B4DB5BE024450A49003764B6 /* AppDelegate.swift in Sources */,
				B4DB5BE224450A49003764B6 /* SceneDelegate.swift in Sources */,
				B426868D24468EB600E6D0A8 /* ModalTextViewPreview.swift in Sources */,
				B4DB5BFC24450B5E003764B6 /* Preview.swift in Sources */,
				B4DB5C0024450B66003764B6 /* ModalTextFieldPreview.swift in Sources */,
				B45D386E245D1424000D4975 /* UIViewWrapperSegmentControlPreview.swift in Sources */,
				B4DB5BE424450A49003764B6 /* ContentView.swift in Sources */,
				B4DB5BFB24450B5E003764B6 /* PreviewPresenter.swift in Sources */,
				B4DB5BFF24450B66003764B6 /* ButtonTrayViewPreview.swift in Sources */,
				B4DB5C2924454E32003764B6 /* PresentationSheetPreview.swift in Sources */,
				B45D386C245D032A000D4975 /* TextViewWrapperPreview.swift in Sources */,
				B4985919245368A600BD0225 /* TextFieldWrapperPreview.swift in Sources */,
			);
			runOnlyForDeploymentPostprocessing = 0;
		};
/* End PBXSourcesBuildPhase section */

/* Begin PBXVariantGroup section */
		B4DB5BEA24450A4A003764B6 /* LaunchScreen.storyboard */ = {
			isa = PBXVariantGroup;
			children = (
				B4DB5BEB24450A4A003764B6 /* Base */,
			);
			name = LaunchScreen.storyboard;
			sourceTree = "<group>";
		};
/* End PBXVariantGroup section */

/* Begin XCBuildConfiguration section */
		B4DB5BEE24450A4A003764B6 /* Debug */ = {
			isa = XCBuildConfiguration;
			buildSettings = {
				ALWAYS_SEARCH_USER_PATHS = NO;
				CLANG_ANALYZER_NONNULL = YES;
				CLANG_ANALYZER_NUMBER_OBJECT_CONVERSION = YES_AGGRESSIVE;
				CLANG_CXX_LANGUAGE_STANDARD = "gnu++14";
				CLANG_CXX_LIBRARY = "libc++";
				CLANG_ENABLE_MODULES = YES;
				CLANG_ENABLE_OBJC_ARC = YES;
				CLANG_ENABLE_OBJC_WEAK = YES;
				CLANG_WARN_BLOCK_CAPTURE_AUTORELEASING = YES;
				CLANG_WARN_BOOL_CONVERSION = YES;
				CLANG_WARN_COMMA = YES;
				CLANG_WARN_CONSTANT_CONVERSION = YES;
				CLANG_WARN_DEPRECATED_OBJC_IMPLEMENTATIONS = YES;
				CLANG_WARN_DIRECT_OBJC_ISA_USAGE = YES_ERROR;
				CLANG_WARN_DOCUMENTATION_COMMENTS = YES;
				CLANG_WARN_EMPTY_BODY = YES;
				CLANG_WARN_ENUM_CONVERSION = YES;
				CLANG_WARN_INFINITE_RECURSION = YES;
				CLANG_WARN_INT_CONVERSION = YES;
				CLANG_WARN_NON_LITERAL_NULL_CONVERSION = YES;
				CLANG_WARN_OBJC_IMPLICIT_RETAIN_SELF = YES;
				CLANG_WARN_OBJC_LITERAL_CONVERSION = YES;
				CLANG_WARN_OBJC_ROOT_CLASS = YES_ERROR;
				CLANG_WARN_RANGE_LOOP_ANALYSIS = YES;
				CLANG_WARN_STRICT_PROTOTYPES = YES;
				CLANG_WARN_SUSPICIOUS_MOVE = YES;
				CLANG_WARN_UNGUARDED_AVAILABILITY = YES_AGGRESSIVE;
				CLANG_WARN_UNREACHABLE_CODE = YES;
				CLANG_WARN__DUPLICATE_METHOD_MATCH = YES;
				COPY_PHASE_STRIP = NO;
				DEBUG_INFORMATION_FORMAT = dwarf;
				ENABLE_STRICT_OBJC_MSGSEND = YES;
				ENABLE_TESTABILITY = YES;
				GCC_C_LANGUAGE_STANDARD = gnu11;
				GCC_DYNAMIC_NO_PIC = NO;
				GCC_NO_COMMON_BLOCKS = YES;
				GCC_OPTIMIZATION_LEVEL = 0;
				GCC_PREPROCESSOR_DEFINITIONS = (
					"DEBUG=1",
					"$(inherited)",
				);
				GCC_WARN_64_TO_32_BIT_CONVERSION = YES;
				GCC_WARN_ABOUT_RETURN_TYPE = YES_ERROR;
				GCC_WARN_UNDECLARED_SELECTOR = YES;
				GCC_WARN_UNINITIALIZED_AUTOS = YES_AGGRESSIVE;
				GCC_WARN_UNUSED_FUNCTION = YES;
				GCC_WARN_UNUSED_VARIABLE = YES;
				IPHONEOS_DEPLOYMENT_TARGET = 13.4;
				MTL_ENABLE_DEBUG_INFO = INCLUDE_SOURCE;
				MTL_FAST_MATH = YES;
				ONLY_ACTIVE_ARCH = YES;
				SDKROOT = iphoneos;
				SWIFT_ACTIVE_COMPILATION_CONDITIONS = DEBUG;
				SWIFT_OPTIMIZATION_LEVEL = "-Onone";
			};
			name = Debug;
		};
		B4DB5BEF24450A4A003764B6 /* Release */ = {
			isa = XCBuildConfiguration;
			buildSettings = {
				ALWAYS_SEARCH_USER_PATHS = NO;
				CLANG_ANALYZER_NONNULL = YES;
				CLANG_ANALYZER_NUMBER_OBJECT_CONVERSION = YES_AGGRESSIVE;
				CLANG_CXX_LANGUAGE_STANDARD = "gnu++14";
				CLANG_CXX_LIBRARY = "libc++";
				CLANG_ENABLE_MODULES = YES;
				CLANG_ENABLE_OBJC_ARC = YES;
				CLANG_ENABLE_OBJC_WEAK = YES;
				CLANG_WARN_BLOCK_CAPTURE_AUTORELEASING = YES;
				CLANG_WARN_BOOL_CONVERSION = YES;
				CLANG_WARN_COMMA = YES;
				CLANG_WARN_CONSTANT_CONVERSION = YES;
				CLANG_WARN_DEPRECATED_OBJC_IMPLEMENTATIONS = YES;
				CLANG_WARN_DIRECT_OBJC_ISA_USAGE = YES_ERROR;
				CLANG_WARN_DOCUMENTATION_COMMENTS = YES;
				CLANG_WARN_EMPTY_BODY = YES;
				CLANG_WARN_ENUM_CONVERSION = YES;
				CLANG_WARN_INFINITE_RECURSION = YES;
				CLANG_WARN_INT_CONVERSION = YES;
				CLANG_WARN_NON_LITERAL_NULL_CONVERSION = YES;
				CLANG_WARN_OBJC_IMPLICIT_RETAIN_SELF = YES;
				CLANG_WARN_OBJC_LITERAL_CONVERSION = YES;
				CLANG_WARN_OBJC_ROOT_CLASS = YES_ERROR;
				CLANG_WARN_RANGE_LOOP_ANALYSIS = YES;
				CLANG_WARN_STRICT_PROTOTYPES = YES;
				CLANG_WARN_SUSPICIOUS_MOVE = YES;
				CLANG_WARN_UNGUARDED_AVAILABILITY = YES_AGGRESSIVE;
				CLANG_WARN_UNREACHABLE_CODE = YES;
				CLANG_WARN__DUPLICATE_METHOD_MATCH = YES;
				COPY_PHASE_STRIP = NO;
				DEBUG_INFORMATION_FORMAT = "dwarf-with-dsym";
				ENABLE_NS_ASSERTIONS = NO;
				ENABLE_STRICT_OBJC_MSGSEND = YES;
				GCC_C_LANGUAGE_STANDARD = gnu11;
				GCC_NO_COMMON_BLOCKS = YES;
				GCC_WARN_64_TO_32_BIT_CONVERSION = YES;
				GCC_WARN_ABOUT_RETURN_TYPE = YES_ERROR;
				GCC_WARN_UNDECLARED_SELECTOR = YES;
				GCC_WARN_UNINITIALIZED_AUTOS = YES_AGGRESSIVE;
				GCC_WARN_UNUSED_FUNCTION = YES;
				GCC_WARN_UNUSED_VARIABLE = YES;
				IPHONEOS_DEPLOYMENT_TARGET = 13.4;
				MTL_ENABLE_DEBUG_INFO = NO;
				MTL_FAST_MATH = YES;
				SDKROOT = iphoneos;
				SWIFT_COMPILATION_MODE = wholemodule;
				SWIFT_OPTIMIZATION_LEVEL = "-O";
				VALIDATE_PRODUCT = YES;
			};
			name = Release;
		};
		B4DB5BF124450A4A003764B6 /* Debug */ = {
			isa = XCBuildConfiguration;
			buildSettings = {
				ASSETCATALOG_COMPILER_APPICON_NAME = AppIcon;
				CODE_SIGN_STYLE = Automatic;
				DEVELOPMENT_ASSET_PATHS = "\"BDProjects/Preview Content\"";
				DEVELOPMENT_TEAM = J58QF9TXDQ;
				ENABLE_PREVIEWS = YES;
				INFOPLIST_FILE = BDProjects/Info.plist;
				LD_RUNPATH_SEARCH_PATHS = (
					"$(inherited)",
					"@executable_path/Frameworks",
				);
				PRODUCT_BUNDLE_IDENTIFIER = com.bdaralan.BDProjects;
				PRODUCT_NAME = "$(TARGET_NAME)";
				SWIFT_VERSION = 5.0;
				TARGETED_DEVICE_FAMILY = "1,2";
			};
			name = Debug;
		};
		B4DB5BF224450A4A003764B6 /* Release */ = {
			isa = XCBuildConfiguration;
			buildSettings = {
				ASSETCATALOG_COMPILER_APPICON_NAME = AppIcon;
				CODE_SIGN_STYLE = Automatic;
				DEVELOPMENT_ASSET_PATHS = "\"BDProjects/Preview Content\"";
				DEVELOPMENT_TEAM = J58QF9TXDQ;
				ENABLE_PREVIEWS = YES;
				INFOPLIST_FILE = BDProjects/Info.plist;
				LD_RUNPATH_SEARCH_PATHS = (
					"$(inherited)",
					"@executable_path/Frameworks",
				);
				PRODUCT_BUNDLE_IDENTIFIER = com.bdaralan.BDProjects;
				PRODUCT_NAME = "$(TARGET_NAME)";
				SWIFT_VERSION = 5.0;
				TARGETED_DEVICE_FAMILY = "1,2";
			};
			name = Release;
		};
/* End XCBuildConfiguration section */

/* Begin XCConfigurationList section */
		B4DB5BD724450A49003764B6 /* Build configuration list for PBXProject "BDProjects" */ = {
			isa = XCConfigurationList;
			buildConfigurations = (
				B4DB5BEE24450A4A003764B6 /* Debug */,
				B4DB5BEF24450A4A003764B6 /* Release */,
			);
			defaultConfigurationIsVisible = 0;
			defaultConfigurationName = Release;
		};
		B4DB5BF024450A4A003764B6 /* Build configuration list for PBXNativeTarget "BDProjects" */ = {
			isa = XCConfigurationList;
			buildConfigurations = (
				B4DB5BF124450A4A003764B6 /* Debug */,
				B4DB5BF224450A4A003764B6 /* Release */,
			);
			defaultConfigurationIsVisible = 0;
			defaultConfigurationName = Release;
		};
/* End XCConfigurationList section */

/* Begin XCSwiftPackageProductDependency section */
		B4DB5BF524450ADF003764B6 /* BDUIKnit */ = {
			isa = XCSwiftPackageProductDependency;
			productName = BDUIKnit;
		};
/* End XCSwiftPackageProductDependency section */
	};
	rootObject = B4DB5BD424450A49003764B6 /* Project object */;
}
